// !$*UTF8*$!
{
	archiveVersion = 1;
	classes = {
	};
	objectVersion = 51;
	objects = {

/* Begin PBXBuildFile section */
		6D05E4B82459E39000071BBF /* VoiceWaveView.swift in Sources */ = {isa = PBXBuildFile; fileRef = 6D05E4B72459E39000071BBF /* VoiceWaveView.swift */; };
		6D05E4BB245A1CA400071BBF /* GoogleService-Info.plist in Resources */ = {isa = PBXBuildFile; fileRef = 6D05E4BA245A1CA400071BBF /* GoogleService-Info.plist */; };
		6D05E4BE245A5DB000071BBF /* AuthService.swift in Sources */ = {isa = PBXBuildFile; fileRef = 6D05E4BD245A5DB000071BBF /* AuthService.swift */; };
		6D05E4C0245A5DBD00071BBF /* DataService.swift in Sources */ = {isa = PBXBuildFile; fileRef = 6D05E4BF245A5DBD00071BBF /* DataService.swift */; };
		6D05E4C2245A5EF000071BBF /* LoginViewController.swift in Sources */ = {isa = PBXBuildFile; fileRef = 6D05E4C1245A5EF000071BBF /* LoginViewController.swift */; };
		6D05E4C4245A674800071BBF /* KeychainItem.swift in Sources */ = {isa = PBXBuildFile; fileRef = 6D05E4C3245A674800071BBF /* KeychainItem.swift */; };
		6D434819245B38E300416F00 /* DateFormatter.swift in Sources */ = {isa = PBXBuildFile; fileRef = 6D434818245B38E300416F00 /* DateFormatter.swift */; };
		6D43481B245B47C300416F00 /* Snapshot+Data.swift in Sources */ = {isa = PBXBuildFile; fileRef = 6D43481A245B47C300416F00 /* Snapshot+Data.swift */; };
		6D43481D245B58F300416F00 /* ImageResizeOperation.swift in Sources */ = {isa = PBXBuildFile; fileRef = 6D43481C245B58F300416F00 /* ImageResizeOperation.swift */; };
		6D43481F245B6D5B00416F00 /* ContentViewController.swift in Sources */ = {isa = PBXBuildFile; fileRef = 6D43481E245B6D5B00416F00 /* ContentViewController.swift */; };
		6D434821245B762300416F00 /* SentimentService.swift in Sources */ = {isa = PBXBuildFile; fileRef = 6D434820245B762300416F00 /* SentimentService.swift */; };
		6D434823245B778400416F00 /* EntryController.swift in Sources */ = {isa = PBXBuildFile; fileRef = 6D434822245B778400416F00 /* EntryController.swift */; };
		6DB288072458D9E2009310F7 /* RecordingView.swift in Sources */ = {isa = PBXBuildFile; fileRef = 6DB288062458D9E2009310F7 /* RecordingView.swift */; };
		6DB2880A2458E30B009310F7 /* EntryCell.swift in Sources */ = {isa = PBXBuildFile; fileRef = 6DB288092458E30B009310F7 /* EntryCell.swift */; };
		6DB669FC245B8363009268B6 /* SpeechCell.swift in Sources */ = {isa = PBXBuildFile; fileRef = 6DB669FB245B8363009268B6 /* SpeechCell.swift */; };
		6DDFE1D22458951900017A93 /* AppDelegate.swift in Sources */ = {isa = PBXBuildFile; fileRef = 6DDFE1D12458951900017A93 /* AppDelegate.swift */; };
		6DDFE1D42458951900017A93 /* SceneDelegate.swift in Sources */ = {isa = PBXBuildFile; fileRef = 6DDFE1D32458951900017A93 /* SceneDelegate.swift */; };
		6DDFE1D92458951900017A93 /* Main.storyboard in Resources */ = {isa = PBXBuildFile; fileRef = 6DDFE1D72458951900017A93 /* Main.storyboard */; };
		6DDFE1DB2458952000017A93 /* Assets.xcassets in Resources */ = {isa = PBXBuildFile; fileRef = 6DDFE1DA2458952000017A93 /* Assets.xcassets */; };
		6DDFE1DE2458952000017A93 /* LaunchScreen.storyboard in Resources */ = {isa = PBXBuildFile; fileRef = 6DDFE1DC2458952000017A93 /* LaunchScreen.storyboard */; };
		6DDFE1E7245895F500017A93 /* Entry.swift in Sources */ = {isa = PBXBuildFile; fileRef = 6DDFE1E6245895F500017A93 /* Entry.swift */; };
		6DDFE1EA245898E500017A93 /* CameraViewController.swift in Sources */ = {isa = PBXBuildFile; fileRef = 6DDFE1E9245898E500017A93 /* CameraViewController.swift */; };
		6DDFE1EC2458991B00017A93 /* EntriesViewController.swift in Sources */ = {isa = PBXBuildFile; fileRef = 6DDFE1EB2458991B00017A93 /* EntriesViewController.swift */; };
		6DDFE1EF24589D0C00017A93 /* UIColor+Pallete.swift in Sources */ = {isa = PBXBuildFile; fileRef = 6DDFE1EE24589D0C00017A93 /* UIColor+Pallete.swift */; };
		6DDFE1F22458A0FC00017A93 /* CameraView.swift in Sources */ = {isa = PBXBuildFile; fileRef = 6DDFE1F12458A0FC00017A93 /* CameraView.swift */; };
		6DDFE1F52458A3AC00017A93 /* CameraController.swift in Sources */ = {isa = PBXBuildFile; fileRef = 6DDFE1F42458A3AC00017A93 /* CameraController.swift */; };
		6DDFE1F72458A76900017A93 /* MediaAccessView.swift in Sources */ = {isa = PBXBuildFile; fileRef = 6DDFE1F62458A76900017A93 /* MediaAccessView.swift */; };
		6DDFE1F92458B9CA00017A93 /* Notification+String.swift in Sources */ = {isa = PBXBuildFile; fileRef = 6DDFE1F82458B9CA00017A93 /* Notification+String.swift */; };
		6DDFE1FB2458BCB400017A93 /* RecordButtonView.swift in Sources */ = {isa = PBXBuildFile; fileRef = 6DDFE1FA2458BCB400017A93 /* RecordButtonView.swift */; };
		8C2E3E6AC7748DAFFEC45576 /* Pods_Journal.framework in Frameworks */ = {isa = PBXBuildFile; fileRef = A86D15CF7B2BD1F7EEB29455 /* Pods_Journal.framework */; };
/* End PBXBuildFile section */

/* Begin PBXFileReference section */
		67591A01E9E5AEC4AAA93489 /* Pods-Journal.release.xcconfig */ = {isa = PBXFileReference; includeInIndex = 1; lastKnownFileType = text.xcconfig; name = "Pods-Journal.release.xcconfig"; path = "Target Support Files/Pods-Journal/Pods-Journal.release.xcconfig"; sourceTree = "<group>"; };
		6D05E4B72459E39000071BBF /* VoiceWaveView.swift */ = {isa = PBXFileReference; lastKnownFileType = sourcecode.swift; path = VoiceWaveView.swift; sourceTree = "<group>"; };
		6D05E4BA245A1CA400071BBF /* GoogleService-Info.plist */ = {isa = PBXFileReference; fileEncoding = 4; lastKnownFileType = text.plist.xml; name = "GoogleService-Info.plist"; path = "../../../../../Users/kurbs/Downloads/GoogleService-Info.plist"; sourceTree = "<group>"; };
		6D05E4BD245A5DB000071BBF /* AuthService.swift */ = {isa = PBXFileReference; lastKnownFileType = sourcecode.swift; path = AuthService.swift; sourceTree = "<group>"; };
		6D05E4BF245A5DBD00071BBF /* DataService.swift */ = {isa = PBXFileReference; lastKnownFileType = sourcecode.swift; path = DataService.swift; sourceTree = "<group>"; };
		6D05E4C1245A5EF000071BBF /* LoginViewController.swift */ = {isa = PBXFileReference; lastKnownFileType = sourcecode.swift; path = LoginViewController.swift; sourceTree = "<group>"; };
		6D05E4C3245A674800071BBF /* KeychainItem.swift */ = {isa = PBXFileReference; lastKnownFileType = sourcecode.swift; path = KeychainItem.swift; sourceTree = "<group>"; };
		6D05E4C5245A69FD00071BBF /* Journal.entitlements */ = {isa = PBXFileReference; lastKnownFileType = text.plist.entitlements; path = Journal.entitlements; sourceTree = "<group>"; };
		6D434818245B38E300416F00 /* DateFormatter.swift */ = {isa = PBXFileReference; lastKnownFileType = sourcecode.swift; path = DateFormatter.swift; sourceTree = "<group>"; };
		6D43481A245B47C300416F00 /* Snapshot+Data.swift */ = {isa = PBXFileReference; lastKnownFileType = sourcecode.swift; path = "Snapshot+Data.swift"; sourceTree = "<group>"; };
		6D43481C245B58F300416F00 /* ImageResizeOperation.swift */ = {isa = PBXFileReference; lastKnownFileType = sourcecode.swift; path = ImageResizeOperation.swift; sourceTree = "<group>"; };
		6D43481E245B6D5B00416F00 /* ContentViewController.swift */ = {isa = PBXFileReference; lastKnownFileType = sourcecode.swift; path = ContentViewController.swift; sourceTree = "<group>"; };
		6D434820245B762300416F00 /* SentimentService.swift */ = {isa = PBXFileReference; lastKnownFileType = sourcecode.swift; path = SentimentService.swift; sourceTree = "<group>"; };
		6D434822245B778400416F00 /* EntryController.swift */ = {isa = PBXFileReference; lastKnownFileType = sourcecode.swift; path = EntryController.swift; sourceTree = "<group>"; };
		6DB288062458D9E2009310F7 /* RecordingView.swift */ = {isa = PBXFileReference; lastKnownFileType = sourcecode.swift; path = RecordingView.swift; sourceTree = "<group>"; };
		6DB288092458E30B009310F7 /* EntryCell.swift */ = {isa = PBXFileReference; lastKnownFileType = sourcecode.swift; path = EntryCell.swift; sourceTree = "<group>"; };
		6DB669FB245B8363009268B6 /* SpeechCell.swift */ = {isa = PBXFileReference; lastKnownFileType = sourcecode.swift; path = SpeechCell.swift; sourceTree = "<group>"; };
		6DDFE1CE2458951900017A93 /* Journal.app */ = {isa = PBXFileReference; explicitFileType = wrapper.application; includeInIndex = 0; path = Journal.app; sourceTree = BUILT_PRODUCTS_DIR; };
		6DDFE1D12458951900017A93 /* AppDelegate.swift */ = {isa = PBXFileReference; lastKnownFileType = sourcecode.swift; path = AppDelegate.swift; sourceTree = "<group>"; };
		6DDFE1D32458951900017A93 /* SceneDelegate.swift */ = {isa = PBXFileReference; lastKnownFileType = sourcecode.swift; path = SceneDelegate.swift; sourceTree = "<group>"; };
		6DDFE1D82458951900017A93 /* Base */ = {isa = PBXFileReference; lastKnownFileType = file.storyboard; name = Base; path = Base.lproj/Main.storyboard; sourceTree = "<group>"; };
		6DDFE1DA2458952000017A93 /* Assets.xcassets */ = {isa = PBXFileReference; lastKnownFileType = folder.assetcatalog; path = Assets.xcassets; sourceTree = "<group>"; };
		6DDFE1DD2458952000017A93 /* Base */ = {isa = PBXFileReference; lastKnownFileType = file.storyboard; name = Base; path = Base.lproj/LaunchScreen.storyboard; sourceTree = "<group>"; };
		6DDFE1DF2458952000017A93 /* Info.plist */ = {isa = PBXFileReference; lastKnownFileType = text.plist.xml; path = Info.plist; sourceTree = "<group>"; };
		6DDFE1E6245895F500017A93 /* Entry.swift */ = {isa = PBXFileReference; lastKnownFileType = sourcecode.swift; path = Entry.swift; sourceTree = "<group>"; };
		6DDFE1E9245898E500017A93 /* CameraViewController.swift */ = {isa = PBXFileReference; lastKnownFileType = sourcecode.swift; path = CameraViewController.swift; sourceTree = "<group>"; };
		6DDFE1EB2458991B00017A93 /* EntriesViewController.swift */ = {isa = PBXFileReference; lastKnownFileType = sourcecode.swift; path = EntriesViewController.swift; sourceTree = "<group>"; };
		6DDFE1EE24589D0C00017A93 /* UIColor+Pallete.swift */ = {isa = PBXFileReference; lastKnownFileType = sourcecode.swift; path = "UIColor+Pallete.swift"; sourceTree = "<group>"; };
		6DDFE1F12458A0FC00017A93 /* CameraView.swift */ = {isa = PBXFileReference; lastKnownFileType = sourcecode.swift; path = CameraView.swift; sourceTree = "<group>"; };
		6DDFE1F42458A3AC00017A93 /* CameraController.swift */ = {isa = PBXFileReference; lastKnownFileType = sourcecode.swift; path = CameraController.swift; sourceTree = "<group>"; };
		6DDFE1F62458A76900017A93 /* MediaAccessView.swift */ = {isa = PBXFileReference; lastKnownFileType = sourcecode.swift; path = MediaAccessView.swift; sourceTree = "<group>"; };
		6DDFE1F82458B9CA00017A93 /* Notification+String.swift */ = {isa = PBXFileReference; lastKnownFileType = sourcecode.swift; path = "Notification+String.swift"; sourceTree = "<group>"; };
		6DDFE1FA2458BCB400017A93 /* RecordButtonView.swift */ = {isa = PBXFileReference; lastKnownFileType = sourcecode.swift; path = RecordButtonView.swift; sourceTree = "<group>"; };
		7A741591D90F18E361AD4DE5 /* Pods-Journal.debug.xcconfig */ = {isa = PBXFileReference; includeInIndex = 1; lastKnownFileType = text.xcconfig; name = "Pods-Journal.debug.xcconfig"; path = "Target Support Files/Pods-Journal/Pods-Journal.debug.xcconfig"; sourceTree = "<group>"; };
		A86D15CF7B2BD1F7EEB29455 /* Pods_Journal.framework */ = {isa = PBXFileReference; explicitFileType = wrapper.framework; includeInIndex = 0; path = Pods_Journal.framework; sourceTree = BUILT_PRODUCTS_DIR; };
/* End PBXFileReference section */

/* Begin PBXFrameworksBuildPhase section */
		6DDFE1CB2458951900017A93 /* Frameworks */ = {
			isa = PBXFrameworksBuildPhase;
			buildActionMask = 2147483647;
			files = (
				8C2E3E6AC7748DAFFEC45576 /* Pods_Journal.framework in Frameworks */,
			);
			runOnlyForDeploymentPostprocessing = 0;
		};
/* End PBXFrameworksBuildPhase section */

/* Begin PBXGroup section */
		675B4BE7F8D1478173E6BE74 /* Pods */ = {
			isa = PBXGroup;
			children = (
				7A741591D90F18E361AD4DE5 /* Pods-Journal.debug.xcconfig */,
				67591A01E9E5AEC4AAA93489 /* Pods-Journal.release.xcconfig */,
			);
			path = Pods;
			sourceTree = "<group>";
		};
		6D05E4B62459E37E00071BBF /* Voice */ = {
			isa = PBXGroup;
			children = (
				6D05E4B72459E39000071BBF /* VoiceWaveView.swift */,
			);
			path = Voice;
			sourceTree = "<group>";
		};
		6D05E4B9245A1AE400071BBF /* Supporting Files */ = {
			isa = PBXGroup;
			children = (
				6D05E4BA245A1CA400071BBF /* GoogleService-Info.plist */,
				6DDFE1D12458951900017A93 /* AppDelegate.swift */,
				6DDFE1D32458951900017A93 /* SceneDelegate.swift */,
				6DDFE1D72458951900017A93 /* Main.storyboard */,
				6DDFE1DA2458952000017A93 /* Assets.xcassets */,
				6DDFE1DC2458952000017A93 /* LaunchScreen.storyboard */,
				6DDFE1DF2458952000017A93 /* Info.plist */,
				6D05E4C3245A674800071BBF /* KeychainItem.swift */,
			);
			path = "Supporting Files";
			sourceTree = "<group>";
		};
		6D05E4BC245A5DA000071BBF /* Services */ = {
			isa = PBXGroup;
			children = (
				6D05E4BD245A5DB000071BBF /* AuthService.swift */,
				6D05E4BF245A5DBD00071BBF /* DataService.swift */,
				6D434820245B762300416F00 /* SentimentService.swift */,
			);
			path = Services;
			sourceTree = "<group>";
		};
		6D434817245B38D400416F00 /* Helpers */ = {
			isa = PBXGroup;
			children = (
				6D434818245B38E300416F00 /* DateFormatter.swift */,
				6D43481C245B58F300416F00 /* ImageResizeOperation.swift */,
			);
			path = Helpers;
			sourceTree = "<group>";
		};
		6D434824245B782D00416F00 /* Sections */ = {
			isa = PBXGroup;
			children = (
				6D434822245B778400416F00 /* EntryController.swift */,
			);
			path = Sections;
			sourceTree = "<group>";
		};
		6DB288082458E2FF009310F7 /* Cells */ = {
			isa = PBXGroup;
			children = (
				6DB288092458E30B009310F7 /* EntryCell.swift */,
				6DB669FB245B8363009268B6 /* SpeechCell.swift */,
			);
			path = Cells;
			sourceTree = "<group>";
		};
		6DB2880B245925E3009310F7 /* Camera */ = {
			isa = PBXGroup;
			children = (
				6DDFE1F12458A0FC00017A93 /* CameraView.swift */,
				6DDFE1FA2458BCB400017A93 /* RecordButtonView.swift */,
				6DDFE1F62458A76900017A93 /* MediaAccessView.swift */,
				6DB288062458D9E2009310F7 /* RecordingView.swift */,
			);
			path = Camera;
			sourceTree = "<group>";
		};
		6DDFE1C52458951900017A93 = {
			isa = PBXGroup;
			children = (
				6DDFE1D02458951900017A93 /* Journal */,
				6DDFE1CF2458951900017A93 /* Products */,
				675B4BE7F8D1478173E6BE74 /* Pods */,
				8E2E12C51CF88197EB577F15 /* Frameworks */,
			);
			sourceTree = "<group>";
		};
		6DDFE1CF2458951900017A93 /* Products */ = {
			isa = PBXGroup;
			children = (
				6DDFE1CE2458951900017A93 /* Journal.app */,
			);
			name = Products;
			sourceTree = "<group>";
		};
		6DDFE1D02458951900017A93 /* Journal */ = {
			isa = PBXGroup;
			children = (
				6D434824245B782D00416F00 /* Sections */,
				6D434817245B38D400416F00 /* Helpers */,
				6D05E4C5245A69FD00071BBF /* Journal.entitlements */,
				6D05E4BC245A5DA000071BBF /* Services */,
				6DDFE1E82458971500017A93 /* ViewController */,
				6DDFE1F02458A0DD00017A93 /* Views */,
				6DDFE1F32458A39C00017A93 /* Controller */,
				6DDFE1ED24589CF800017A93 /* Extension */,
				6DDFE1E5245895E700017A93 /* Model */,
				6D05E4B9245A1AE400071BBF /* Supporting Files */,
			);
			path = Journal;
			sourceTree = "<group>";
		};
		6DDFE1E5245895E700017A93 /* Model */ = {
			isa = PBXGroup;
			children = (
				6DDFE1E6245895F500017A93 /* Entry.swift */,
			);
			path = Model;
			sourceTree = "<group>";
		};
		6DDFE1E82458971500017A93 /* ViewController */ = {
			isa = PBXGroup;
			children = (
				6DDFE1E9245898E500017A93 /* CameraViewController.swift */,
				6DDFE1EB2458991B00017A93 /* EntriesViewController.swift */,
				6D05E4C1245A5EF000071BBF /* LoginViewController.swift */,
				6D43481E245B6D5B00416F00 /* ContentViewController.swift */,
			);
			path = ViewController;
			sourceTree = "<group>";
		};
		6DDFE1ED24589CF800017A93 /* Extension */ = {
			isa = PBXGroup;
			children = (
				6DDFE1EE24589D0C00017A93 /* UIColor+Pallete.swift */,
				6DDFE1F82458B9CA00017A93 /* Notification+String.swift */,
				6D43481A245B47C300416F00 /* Snapshot+Data.swift */,
			);
			path = Extension;
			sourceTree = "<group>";
		};
		6DDFE1F02458A0DD00017A93 /* Views */ = {
			isa = PBXGroup;
			children = (
				6D05E4B62459E37E00071BBF /* Voice */,
				6DB288082458E2FF009310F7 /* Cells */,
				6DB2880B245925E3009310F7 /* Camera */,
			);
			path = Views;
			sourceTree = "<group>";
		};
		6DDFE1F32458A39C00017A93 /* Controller */ = {
			isa = PBXGroup;
			children = (
				6DDFE1F42458A3AC00017A93 /* CameraController.swift */,
			);
			path = Controller;
			sourceTree = "<group>";
		};
		8E2E12C51CF88197EB577F15 /* Frameworks */ = {
			isa = PBXGroup;
			children = (
				A86D15CF7B2BD1F7EEB29455 /* Pods_Journal.framework */,
			);
			name = Frameworks;
			sourceTree = "<group>";
		};
/* End PBXGroup section */

/* Begin PBXNativeTarget section */
		6DDFE1CD2458951900017A93 /* Journal */ = {
			isa = PBXNativeTarget;
			buildConfigurationList = 6DDFE1E22458952000017A93 /* Build configuration list for PBXNativeTarget "Journal" */;
			buildPhases = (
				CA40C9E0D2D97EE3D1764B14 /* [CP] Check Pods Manifest.lock */,
				6DDFE1CA2458951900017A93 /* Sources */,
				6DDFE1CB2458951900017A93 /* Frameworks */,
				6DDFE1CC2458951900017A93 /* Resources */,
				7A73073D1AF53491422088FE /* [CP] Embed Pods Frameworks */,
			);
			buildRules = (
			);
			dependencies = (
			);
			name = Journal;
			productName = Journal;
			productReference = 6DDFE1CE2458951900017A93 /* Journal.app */;
			productType = "com.apple.product-type.application";
		};
/* End PBXNativeTarget section */

/* Begin PBXProject section */
		6DDFE1C62458951900017A93 /* Project object */ = {
			isa = PBXProject;
			attributes = {
				LastSwiftUpdateCheck = 1140;
				LastUpgradeCheck = 1140;
				ORGANIZATIONNAME = "Kerby Jean";
				TargetAttributes = {
					6DDFE1CD2458951900017A93 = {
						CreatedOnToolsVersion = 11.4.1;
					};
				};
			};
			buildConfigurationList = 6DDFE1C92458951900017A93 /* Build configuration list for PBXProject "Journal" */;
			compatibilityVersion = "Xcode 9.3";
			developmentRegion = en;
			hasScannedForEncodings = 0;
			knownRegions = (
				en,
				Base,
			);
			mainGroup = 6DDFE1C52458951900017A93;
			productRefGroup = 6DDFE1CF2458951900017A93 /* Products */;
			projectDirPath = "";
			projectRoot = "";
			targets = (
				6DDFE1CD2458951900017A93 /* Journal */,
			);
		};
/* End PBXProject section */

/* Begin PBXResourcesBuildPhase section */
		6DDFE1CC2458951900017A93 /* Resources */ = {
			isa = PBXResourcesBuildPhase;
			buildActionMask = 2147483647;
			files = (
				6DDFE1DE2458952000017A93 /* LaunchScreen.storyboard in Resources */,
				6D05E4BB245A1CA400071BBF /* GoogleService-Info.plist in Resources */,
				6DDFE1DB2458952000017A93 /* Assets.xcassets in Resources */,
				6DDFE1D92458951900017A93 /* Main.storyboard in Resources */,
			);
			runOnlyForDeploymentPostprocessing = 0;
		};
/* End PBXResourcesBuildPhase section */

/* Begin PBXShellScriptBuildPhase section */
		7A73073D1AF53491422088FE /* [CP] Embed Pods Frameworks */ = {
			isa = PBXShellScriptBuildPhase;
			buildActionMask = 2147483647;
			files = (
			);
			inputFileListPaths = (
				"${PODS_ROOT}/Target Support Files/Pods-Journal/Pods-Journal-frameworks-${CONFIGURATION}-input-files.xcfilelist",
			);
			name = "[CP] Embed Pods Frameworks";
			outputFileListPaths = (
				"${PODS_ROOT}/Target Support Files/Pods-Journal/Pods-Journal-frameworks-${CONFIGURATION}-output-files.xcfilelist",
			);
			runOnlyForDeploymentPostprocessing = 0;
			shellPath = /bin/sh;
			shellScript = "\"${PODS_ROOT}/Target Support Files/Pods-Journal/Pods-Journal-frameworks.sh\"\n";
			showEnvVarsInLog = 0;
		};
		CA40C9E0D2D97EE3D1764B14 /* [CP] Check Pods Manifest.lock */ = {
			isa = PBXShellScriptBuildPhase;
			buildActionMask = 2147483647;
			files = (
			);
			inputFileListPaths = (
			);
			inputPaths = (
				"${PODS_PODFILE_DIR_PATH}/Podfile.lock",
				"${PODS_ROOT}/Manifest.lock",
			);
			name = "[CP] Check Pods Manifest.lock";
			outputFileListPaths = (
			);
			outputPaths = (
				"$(DERIVED_FILE_DIR)/Pods-Journal-checkManifestLockResult.txt",
			);
			runOnlyForDeploymentPostprocessing = 0;
			shellPath = /bin/sh;
			shellScript = "diff \"${PODS_PODFILE_DIR_PATH}/Podfile.lock\" \"${PODS_ROOT}/Manifest.lock\" > /dev/null\nif [ $? != 0 ] ; then\n    # print error to STDERR\n    echo \"error: The sandbox is not in sync with the Podfile.lock. Run 'pod install' or update your CocoaPods installation.\" >&2\n    exit 1\nfi\n# This output is used by Xcode 'outputs' to avoid re-running this script phase.\necho \"SUCCESS\" > \"${SCRIPT_OUTPUT_FILE_0}\"\n";
			showEnvVarsInLog = 0;
		};
/* End PBXShellScriptBuildPhase section */

/* Begin PBXSourcesBuildPhase section */
		6DDFE1CA2458951900017A93 /* Sources */ = {
			isa = PBXSourcesBuildPhase;
			buildActionMask = 2147483647;
			files = (
				6DDFE1E7245895F500017A93 /* Entry.swift in Sources */,
				6DDFE1F72458A76900017A93 /* MediaAccessView.swift in Sources */,
				6DB288072458D9E2009310F7 /* RecordingView.swift in Sources */,
				6DDFE1F22458A0FC00017A93 /* CameraView.swift in Sources */,
				6DDFE1F92458B9CA00017A93 /* Notification+String.swift in Sources */,
				6D434819245B38E300416F00 /* DateFormatter.swift in Sources */,
				6D434823245B778400416F00 /* EntryController.swift in Sources */,
				6DDFE1EA245898E500017A93 /* CameraViewController.swift in Sources */,
				6D43481D245B58F300416F00 /* ImageResizeOperation.swift in Sources */,
				6DB669FC245B8363009268B6 /* SpeechCell.swift in Sources */,
				6D43481F245B6D5B00416F00 /* ContentViewController.swift in Sources */,
				6DDFE1EF24589D0C00017A93 /* UIColor+Pallete.swift in Sources */,
				6D434821245B762300416F00 /* SentimentService.swift in Sources */,
				6D05E4C0245A5DBD00071BBF /* DataService.swift in Sources */,
				6D05E4C4245A674800071BBF /* KeychainItem.swift in Sources */,
				6DDFE1FB2458BCB400017A93 /* RecordButtonView.swift in Sources */,
				6DDFE1D22458951900017A93 /* AppDelegate.swift in Sources */,
				6DB2880A2458E30B009310F7 /* EntryCell.swift in Sources */,
				6DDFE1D42458951900017A93 /* SceneDelegate.swift in Sources */,
				6D05E4B82459E39000071BBF /* VoiceWaveView.swift in Sources */,
				6D43481B245B47C300416F00 /* Snapshot+Data.swift in Sources */,
				6D05E4C2245A5EF000071BBF /* LoginViewController.swift in Sources */,
				6D05E4BE245A5DB000071BBF /* AuthService.swift in Sources */,
				6DDFE1F52458A3AC00017A93 /* CameraController.swift in Sources */,
				6DDFE1EC2458991B00017A93 /* EntriesViewController.swift in Sources */,
			);
			runOnlyForDeploymentPostprocessing = 0;
		};
/* End PBXSourcesBuildPhase section */

/* Begin PBXVariantGroup section */
		6DDFE1D72458951900017A93 /* Main.storyboard */ = {
			isa = PBXVariantGroup;
			children = (
				6DDFE1D82458951900017A93 /* Base */,
			);
			name = Main.storyboard;
			sourceTree = "<group>";
		};
		6DDFE1DC2458952000017A93 /* LaunchScreen.storyboard */ = {
			isa = PBXVariantGroup;
			children = (
				6DDFE1DD2458952000017A93 /* Base */,
			);
			name = LaunchScreen.storyboard;
			sourceTree = "<group>";
		};
/* End PBXVariantGroup section */

/* Begin XCBuildConfiguration section */
		6DDFE1E02458952000017A93 /* Debug */ = {
			isa = XCBuildConfiguration;
			buildSettings = {
				ALWAYS_SEARCH_USER_PATHS = NO;
				CLANG_ANALYZER_NONNULL = YES;
				CLANG_ANALYZER_NUMBER_OBJECT_CONVERSION = YES_AGGRESSIVE;
				CLANG_CXX_LANGUAGE_STANDARD = "gnu++14";
				CLANG_CXX_LIBRARY = "libc++";
				CLANG_ENABLE_MODULES = YES;
				CLANG_ENABLE_OBJC_ARC = YES;
				CLANG_ENABLE_OBJC_WEAK = YES;
				CLANG_WARN_BLOCK_CAPTURE_AUTORELEASING = YES;
				CLANG_WARN_BOOL_CONVERSION = YES;
				CLANG_WARN_COMMA = YES;
				CLANG_WARN_CONSTANT_CONVERSION = YES;
				CLANG_WARN_DEPRECATED_OBJC_IMPLEMENTATIONS = YES;
				CLANG_WARN_DIRECT_OBJC_ISA_USAGE = YES_ERROR;
				CLANG_WARN_DOCUMENTATION_COMMENTS = YES;
				CLANG_WARN_EMPTY_BODY = YES;
				CLANG_WARN_ENUM_CONVERSION = YES;
				CLANG_WARN_INFINITE_RECURSION = YES;
				CLANG_WARN_INT_CONVERSION = YES;
				CLANG_WARN_NON_LITERAL_NULL_CONVERSION = YES;
				CLANG_WARN_OBJC_IMPLICIT_RETAIN_SELF = YES;
				CLANG_WARN_OBJC_LITERAL_CONVERSION = YES;
				CLANG_WARN_OBJC_ROOT_CLASS = YES_ERROR;
				CLANG_WARN_RANGE_LOOP_ANALYSIS = YES;
				CLANG_WARN_STRICT_PROTOTYPES = YES;
				CLANG_WARN_SUSPICIOUS_MOVE = YES;
				CLANG_WARN_UNGUARDED_AVAILABILITY = YES_AGGRESSIVE;
				CLANG_WARN_UNREACHABLE_CODE = YES;
				CLANG_WARN__DUPLICATE_METHOD_MATCH = YES;
				COPY_PHASE_STRIP = NO;
				DEBUG_INFORMATION_FORMAT = dwarf;
				ENABLE_STRICT_OBJC_MSGSEND = YES;
				ENABLE_TESTABILITY = YES;
				GCC_C_LANGUAGE_STANDARD = gnu11;
				GCC_DYNAMIC_NO_PIC = NO;
				GCC_NO_COMMON_BLOCKS = YES;
				GCC_OPTIMIZATION_LEVEL = 0;
				GCC_PREPROCESSOR_DEFINITIONS = (
					"DEBUG=1",
					"$(inherited)",
				);
				GCC_WARN_64_TO_32_BIT_CONVERSION = YES;
				GCC_WARN_ABOUT_RETURN_TYPE = YES_ERROR;
				GCC_WARN_UNDECLARED_SELECTOR = YES;
				GCC_WARN_UNINITIALIZED_AUTOS = YES_AGGRESSIVE;
				GCC_WARN_UNUSED_FUNCTION = YES;
				GCC_WARN_UNUSED_VARIABLE = YES;
				IPHONEOS_DEPLOYMENT_TARGET = 13.4;
				MTL_ENABLE_DEBUG_INFO = INCLUDE_SOURCE;
				MTL_FAST_MATH = YES;
				ONLY_ACTIVE_ARCH = YES;
				SDKROOT = iphoneos;
				SWIFT_ACTIVE_COMPILATION_CONDITIONS = DEBUG;
				SWIFT_OPTIMIZATION_LEVEL = "-Onone";
			};
			name = Debug;
		};
		6DDFE1E12458952000017A93 /* Release */ = {
			isa = XCBuildConfiguration;
			buildSettings = {
				ALWAYS_SEARCH_USER_PATHS = NO;
				CLANG_ANALYZER_NONNULL = YES;
				CLANG_ANALYZER_NUMBER_OBJECT_CONVERSION = YES_AGGRESSIVE;
				CLANG_CXX_LANGUAGE_STANDARD = "gnu++14";
				CLANG_CXX_LIBRARY = "libc++";
				CLANG_ENABLE_MODULES = YES;
				CLANG_ENABLE_OBJC_ARC = YES;
				CLANG_ENABLE_OBJC_WEAK = YES;
				CLANG_WARN_BLOCK_CAPTURE_AUTORELEASING = YES;
				CLANG_WARN_BOOL_CONVERSION = YES;
				CLANG_WARN_COMMA = YES;
				CLANG_WARN_CONSTANT_CONVERSION = YES;
				CLANG_WARN_DEPRECATED_OBJC_IMPLEMENTATIONS = YES;
				CLANG_WARN_DIRECT_OBJC_ISA_USAGE = YES_ERROR;
				CLANG_WARN_DOCUMENTATION_COMMENTS = YES;
				CLANG_WARN_EMPTY_BODY = YES;
				CLANG_WARN_ENUM_CONVERSION = YES;
				CLANG_WARN_INFINITE_RECURSION = YES;
				CLANG_WARN_INT_CONVERSION = YES;
				CLANG_WARN_NON_LITERAL_NULL_CONVERSION = YES;
				CLANG_WARN_OBJC_IMPLICIT_RETAIN_SELF = YES;
				CLANG_WARN_OBJC_LITERAL_CONVERSION = YES;
				CLANG_WARN_OBJC_ROOT_CLASS = YES_ERROR;
				CLANG_WARN_RANGE_LOOP_ANALYSIS = YES;
				CLANG_WARN_STRICT_PROTOTYPES = YES;
				CLANG_WARN_SUSPICIOUS_MOVE = YES;
				CLANG_WARN_UNGUARDED_AVAILABILITY = YES_AGGRESSIVE;
				CLANG_WARN_UNREACHABLE_CODE = YES;
				CLANG_WARN__DUPLICATE_METHOD_MATCH = YES;
				COPY_PHASE_STRIP = NO;
				DEBUG_INFORMATION_FORMAT = "dwarf-with-dsym";
				ENABLE_NS_ASSERTIONS = NO;
				ENABLE_STRICT_OBJC_MSGSEND = YES;
				GCC_C_LANGUAGE_STANDARD = gnu11;
				GCC_NO_COMMON_BLOCKS = YES;
				GCC_WARN_64_TO_32_BIT_CONVERSION = YES;
				GCC_WARN_ABOUT_RETURN_TYPE = YES_ERROR;
				GCC_WARN_UNDECLARED_SELECTOR = YES;
				GCC_WARN_UNINITIALIZED_AUTOS = YES_AGGRESSIVE;
				GCC_WARN_UNUSED_FUNCTION = YES;
				GCC_WARN_UNUSED_VARIABLE = YES;
				IPHONEOS_DEPLOYMENT_TARGET = 13.4;
				MTL_ENABLE_DEBUG_INFO = NO;
				MTL_FAST_MATH = YES;
				SDKROOT = iphoneos;
				SWIFT_COMPILATION_MODE = wholemodule;
				SWIFT_OPTIMIZATION_LEVEL = "-O";
				VALIDATE_PRODUCT = YES;
			};
			name = Release;
		};
		6DDFE1E32458952000017A93 /* Debug */ = {
			isa = XCBuildConfiguration;
			baseConfigurationReference = 7A741591D90F18E361AD4DE5 /* Pods-Journal.debug.xcconfig */;
			buildSettings = {
				ASSETCATALOG_COMPILER_APPICON_NAME = AppIcon;
				CODE_SIGN_ENTITLEMENTS = Journal/Journal.entitlements;
				CODE_SIGN_STYLE = Automatic;
				DEVELOPMENT_TEAM = GF728A45JE;
				INFOPLIST_FILE = "Journal/Supporting Files/Info.plist";
				LD_RUNPATH_SEARCH_PATHS = (
					"$(inherited)",
					"@executable_path/Frameworks",
				);
				PRODUCT_BUNDLE_IDENTIFIER = com.kurbs.Journal;
				PRODUCT_NAME = "$(TARGET_NAME)";
				SWIFT_VERSION = 5.0;
				TARGETED_DEVICE_FAMILY = "1,2";
			};
			name = Debug;
		};
		6DDFE1E42458952000017A93 /* Release */ = {
			isa = XCBuildConfiguration;
			baseConfigurationReference = 67591A01E9E5AEC4AAA93489 /* Pods-Journal.release.xcconfig */;
			buildSettings = {
				ASSETCATALOG_COMPILER_APPICON_NAME = AppIcon;
				CODE_SIGN_ENTITLEMENTS = Journal/Journal.entitlements;
				CODE_SIGN_STYLE = Automatic;
				DEVELOPMENT_TEAM = GF728A45JE;
				INFOPLIST_FILE = "Journal/Supporting Files/Info.plist";
				LD_RUNPATH_SEARCH_PATHS = (
					"$(inherited)",
					"@executable_path/Frameworks",
				);
				PRODUCT_BUNDLE_IDENTIFIER = com.kurbs.Journal;
				PRODUCT_NAME = "$(TARGET_NAME)";
				SWIFT_VERSION = 5.0;
				TARGETED_DEVICE_FAMILY = "1,2";
			};
			name = Release;
		};
/* End XCBuildConfiguration section */

/* Begin XCConfigurationList section */
		6DDFE1C92458951900017A93 /* Build configuration list for PBXProject "Journal" */ = {
			isa = XCConfigurationList;
			buildConfigurations = (
				6DDFE1E02458952000017A93 /* Debug */,
				6DDFE1E12458952000017A93 /* Release */,
			);
			defaultConfigurationIsVisible = 0;
			defaultConfigurationName = Release;
		};
		6DDFE1E22458952000017A93 /* Build configuration list for PBXNativeTarget "Journal" */ = {
			isa = XCConfigurationList;
			buildConfigurations = (
				6DDFE1E32458952000017A93 /* Debug */,
				6DDFE1E42458952000017A93 /* Release */,
			);
			defaultConfigurationIsVisible = 0;
			defaultConfigurationName = Release;
		};
/* End XCConfigurationList section */
	};
	rootObject = 6DDFE1C62458951900017A93 /* Project object */;
}
